
Microsoft Visual Studio Solution File, Format Version 12.00
# Visual Studio Version 17
VisualStudioVersion = 17.0.31903.59
MinimumVisualStudioVersion = 10.0.40219.1
Project("{2150E333-8FDC-42A3-9474-1A3956D46DE8}") = "src", "src", "{827E0CD3-B72D-47B6-A68D-7590B98EB39B}"
EndProject
Project("{FAE04EC0-301F-11D3-BF4B-00C04F79EFBC}") = "EmailValidation.Core", "src\EmailValidation.Core\EmailValidation.Core.csproj", "{DBF6BA73-E50B-4207-BCF1-F65683BE9707}"
EndProject
Project("{FAE04EC0-301F-11D3-BF4B-00C04F79EFBC}") = "EmailValidation.Infrastructure", "src\EmailValidation.Infrastructure\EmailValidation.Infrastructure.csproj", "{49F0728E-EF94-42A1-A0A9-1D220D19091D}"
EndProject
Project("{FAE04EC0-301F-11D3-BF4B-00C04F79EFBC}") = "EmailValidation.Console", "src\EmailValidation.Console\EmailValidation.Console.csproj", "{8D7D9A23-F4D8-4D8A-A1CD-0626C779B64A}"
EndProject
Project("{FAE04EC0-301F-11D3-BF4B-00C04F79EFBC}") = "EmailValidation.Worker", "src\EmailValidation.Worker\EmailValidation.Worker.csproj", "{B21F8C50-5E7C-4BF8-A862-4EDC804A2DF4}"
EndProject
Project("{2150E333-8FDC-42A3-9474-1A3956D46DE8}") = "tests", "tests", "{0AB3BF05-4346-4AA6-1389-037BE0695223}"
EndProject
Project("{FAE04EC0-301F-11D3-BF4B-00C04F79EFBC}") = "EmailValidation.Core.Tests", "tests\EmailValidation.Core.Tests\EmailValidation.Core.Tests.csproj", "{AC4D5420-A68A-42EC-94AE-32FF712C2A2A}"
EndProject
Project("{FAE04EC0-301F-11D3-BF4B-00C04F79EFBC}") = "EmailValidation.IntegrationTests", "tests\EmailValidation.IntegrationTests\EmailValidation.IntegrationTests.csproj", "{CAD65581-B781-43BB-8D40-DD6C0EAB05D2}"
EndProject
Project("{FAE04EC0-301F-11D3-BF4B-00C04F79EFBC}") = "EmailValidation.Grpc", "src\EmailValidation.Grpc\EmailValidation.Grpc.csproj", "{BB8662E2-6188-4C63-BFEB-F656F27759F1}"
EndProject
Project("{FAE04EC0-301F-11D3-BF4B-00C04F79EFBC}") = "EmailValidation.Grpc.Tests", "tests\EmailValidation.Grpc.Tests\EmailValidation.Grpc.Tests.csproj", "{4C0C6312-6472-494A-BBB5-F13EFFB5DE4E}"
EndProject
Global
	GlobalSection(SolutionConfigurationPlatforms) = preSolution
		Debug|Any CPU = Debug|Any CPU
		Debug|x64 = Debug|x64
		Debug|x86 = Debug|x86
		Release|Any CPU = Release|Any CPU
		Release|x64 = Release|x64
		Release|x86 = Release|x86
	EndGlobalSection
	GlobalSection(ProjectConfigurationPlatforms) = postSolution
		{DBF6BA73-E50B-4207-BCF1-F65683BE9707}.Debug|Any CPU.ActiveCfg = Debug|Any CPU
		{DBF6BA73-E50B-4207-BCF1-F65683BE9707}.Debug|Any CPU.Build.0 = Debug|Any CPU
		{DBF6BA73-E50B-4207-BCF1-F65683BE9707}.Debug|x64.ActiveCfg = Debug|Any CPU
		{DBF6BA73-E50B-4207-BCF1-F65683BE9707}.Debug|x64.Build.0 = Debug|Any CPU
		{DBF6BA73-E50B-4207-BCF1-F65683BE9707}.Debug|x86.ActiveCfg = Debug|Any CPU
		{DBF6BA73-E50B-4207-BCF1-F65683BE9707}.Debug|x86.Build.0 = Debug|Any CPU
		{DBF6BA73-E50B-4207-BCF1-F65683BE9707}.Release|Any CPU.ActiveCfg = Release|Any CPU
		{DBF6BA73-E50B-4207-BCF1-F65683BE9707}.Release|Any CPU.Build.0 = Release|Any CPU
		{DBF6BA73-E50B-4207-BCF1-F65683BE9707}.Release|x64.ActiveCfg = Release|Any CPU
		{DBF6BA73-E50B-4207-BCF1-F65683BE9707}.Release|x64.Build.0 = Release|Any CPU
		{DBF6BA73-E50B-4207-BCF1-F65683BE9707}.Release|x86.ActiveCfg = Release|Any CPU
		{DBF6BA73-E50B-4207-BCF1-F65683BE9707}.Release|x86.Build.0 = Release|Any CPU
		{49F0728E-EF94-42A1-A0A9-1D220D19091D}.Debug|Any CPU.ActiveCfg = Debug|Any CPU
		{49F0728E-EF94-42A1-A0A9-1D220D19091D}.Debug|Any CPU.Build.0 = Debug|Any CPU
		{49F0728E-EF94-42A1-A0A9-1D220D19091D}.Debug|x64.ActiveCfg = Debug|Any CPU
		{49F0728E-EF94-42A1-A0A9-1D220D19091D}.Debug|x64.Build.0 = Debug|Any CPU
		{49F0728E-EF94-42A1-A0A9-1D220D19091D}.Debug|x86.ActiveCfg = Debug|Any CPU
		{49F0728E-EF94-42A1-A0A9-1D220D19091D}.Debug|x86.Build.0 = Debug|Any CPU
		{49F0728E-EF94-42A1-A0A9-1D220D19091D}.Release|Any CPU.ActiveCfg = Release|Any CPU
		{49F0728E-EF94-42A1-A0A9-1D220D19091D}.Release|Any CPU.Build.0 = Release|Any CPU
		{49F0728E-EF94-42A1-A0A9-1D220D19091D}.Release|x64.ActiveCfg = Release|Any CPU
		{49F0728E-EF94-42A1-A0A9-1D220D19091D}.Release|x64.Build.0 = Release|Any CPU
		{49F0728E-EF94-42A1-A0A9-1D220D19091D}.Release|x86.ActiveCfg = Release|Any CPU
		{49F0728E-EF94-42A1-A0A9-1D220D19091D}.Release|x86.Build.0 = Release|Any CPU
		{8D7D9A23-F4D8-4D8A-A1CD-0626C779B64A}.Debug|Any CPU.ActiveCfg = Debug|Any CPU
		{8D7D9A23-F4D8-4D8A-A1CD-0626C779B64A}.Debug|Any CPU.Build.0 = Debug|Any CPU
		{8D7D9A23-F4D8-4D8A-A1CD-0626C779B64A}.Debug|x64.ActiveCfg = Debug|Any CPU
		{8D7D9A23-F4D8-4D8A-A1CD-0626C779B64A}.Debug|x64.Build.0 = Debug|Any CPU
		{8D7D9A23-F4D8-4D8A-A1CD-0626C779B64A}.Debug|x86.ActiveCfg = Debug|Any CPU
		{8D7D9A23-F4D8-4D8A-A1CD-0626C779B64A}.Debug|x86.Build.0 = Debug|Any CPU
		{8D7D9A23-F4D8-4D8A-A1CD-0626C779B64A}.Release|Any CPU.ActiveCfg = Release|Any CPU
		{8D7D9A23-F4D8-4D8A-A1CD-0626C779B64A}.Release|Any CPU.Build.0 = Release|Any CPU
		{8D7D9A23-F4D8-4D8A-A1CD-0626C779B64A}.Release|x64.ActiveCfg = Release|Any CPU
		{8D7D9A23-F4D8-4D8A-A1CD-0626C779B64A}.Release|x64.Build.0 = Release|Any CPU
		{8D7D9A23-F4D8-4D8A-A1CD-0626C779B64A}.Release|x86.ActiveCfg = Release|Any CPU
		{8D7D9A23-F4D8-4D8A-A1CD-0626C779B64A}.Release|x86.Build.0 = Release|Any CPU
		{B21F8C50-5E7C-4BF8-A862-4EDC804A2DF4}.Debug|Any CPU.ActiveCfg = Debug|Any CPU
		{B21F8C50-5E7C-4BF8-A862-4EDC804A2DF4}.Debug|Any CPU.Build.0 = Debug|Any CPU
		{B21F8C50-5E7C-4BF8-A862-4EDC804A2DF4}.Debug|x64.ActiveCfg = Debug|Any CPU
		{B21F8C50-5E7C-4BF8-A862-4EDC804A2DF4}.Debug|x64.Build.0 = Debug|Any CPU
		{B21F8C50-5E7C-4BF8-A862-4EDC804A2DF4}.Debug|x86.ActiveCfg = Debug|Any CPU
		{B21F8C50-5E7C-4BF8-A862-4EDC804A2DF4}.Debug|x86.Build.0 = Debug|Any CPU
		{B21F8C50-5E7C-4BF8-A862-4EDC804A2DF4}.Release|Any CPU.ActiveCfg = Release|Any CPU
		{B21F8C50-5E7C-4BF8-A862-4EDC804A2DF4}.Release|Any CPU.Build.0 = Release|Any CPU
		{B21F8C50-5E7C-4BF8-A862-4EDC804A2DF4}.Release|x64.ActiveCfg = Release|Any CPU
		{B21F8C50-5E7C-4BF8-A862-4EDC804A2DF4}.Release|x64.Build.0 = Release|Any CPU
		{B21F8C50-5E7C-4BF8-A862-4EDC804A2DF4}.Release|x86.ActiveCfg = Release|Any CPU
		{B21F8C50-5E7C-4BF8-A862-4EDC804A2DF4}.Release|x86.Build.0 = Release|Any CPU
		{AC4D5420-A68A-42EC-94AE-32FF712C2A2A}.Debug|Any CPU.ActiveCfg = Debug|Any CPU
		{AC4D5420-A68A-42EC-94AE-32FF712C2A2A}.Debug|Any CPU.Build.0 = Debug|Any CPU
		{AC4D5420-A68A-42EC-94AE-32FF712C2A2A}.Debug|x64.ActiveCfg = Debug|Any CPU
		{AC4D5420-A68A-42EC-94AE-32FF712C2A2A}.Debug|x64.Build.0 = Debug|Any CPU
		{AC4D5420-A68A-42EC-94AE-32FF712C2A2A}.Debug|x86.ActiveCfg = Debug|Any CPU
		{AC4D5420-A68A-42EC-94AE-32FF712C2A2A}.Debug|x86.Build.0 = Debug|Any CPU
		{AC4D5420-A68A-42EC-94AE-32FF712C2A2A}.Release|Any CPU.ActiveCfg = Release|Any CPU
		{AC4D5420-A68A-42EC-94AE-32FF712C2A2A}.Release|Any CPU.Build.0 = Release|Any CPU
		{AC4D5420-A68A-42EC-94AE-32FF712C2A2A}.Release|x64.ActiveCfg = Release|Any CPU
		{AC4D5420-A68A-42EC-94AE-32FF712C2A2A}.Release|x64.Build.0 = Release|Any CPU
		{AC4D5420-A68A-42EC-94AE-32FF712C2A2A}.Release|x86.ActiveCfg = Release|Any CPU
		{AC4D5420-A68A-42EC-94AE-32FF712C2A2A}.Release|x86.Build.0 = Release|Any CPU
		{CAD65581-B781-43BB-8D40-DD6C0EAB05D2}.Debug|Any CPU.ActiveCfg = Debug|Any CPU
		{CAD65581-B781-43BB-8D40-DD6C0EAB05D2}.Debug|Any CPU.Build.0 = Debug|Any CPU
		{CAD65581-B781-43BB-8D40-DD6C0EAB05D2}.Debug|x64.ActiveCfg = Debug|Any CPU
		{CAD65581-B781-43BB-8D40-DD6C0EAB05D2}.Debug|x64.Build.0 = Debug|Any CPU
		{CAD65581-B781-43BB-8D40-DD6C0EAB05D2}.Debug|x86.ActiveCfg = Debug|Any CPU
		{CAD65581-B781-43BB-8D40-DD6C0EAB05D2}.Debug|x86.Build.0 = Debug|Any CPU
		{CAD65581-B781-43BB-8D40-DD6C0EAB05D2}.Release|Any CPU.ActiveCfg = Release|Any CPU
		{CAD65581-B781-43BB-8D40-DD6C0EAB05D2}.Release|Any CPU.Build.0 = Release|Any CPU
		{CAD65581-B781-43BB-8D40-DD6C0EAB05D2}.Release|x64.ActiveCfg = Release|Any CPU
		{CAD65581-B781-43BB-8D40-DD6C0EAB05D2}.Release|x64.Build.0 = Release|Any CPU
		{CAD65581-B781-43BB-8D40-DD6C0EAB05D2}.Release|x86.ActiveCfg = Release|Any CPU
		{CAD65581-B781-43BB-8D40-DD6C0EAB05D2}.Release|x86.Build.0 = Release|Any CPU
		{BB8662E2-6188-4C63-BFEB-F656F27759F1}.Debug|Any CPU.ActiveCfg = Debug|Any CPU
		{BB8662E2-6188-4C63-BFEB-F656F27759F1}.Debug|Any CPU.Build.0 = Debug|Any CPU
		{BB8662E2-6188-4C63-BFEB-F656F27759F1}.Debug|x64.ActiveCfg = Debug|Any CPU
		{BB8662E2-6188-4C63-BFEB-F656F27759F1}.Debug|x64.Build.0 = Debug|Any CPU
		{BB8662E2-6188-4C63-BFEB-F656F27759F1}.Debug|x86.ActiveCfg = Debug|Any CPU
		{BB8662E2-6188-4C63-BFEB-F656F27759F1}.Debug|x86.Build.0 = Debug|Any CPU
		{BB8662E2-6188-4C63-BFEB-F656F27759F1}.Release|Any CPU.ActiveCfg = Release|Any CPU
		{BB8662E2-6188-4C63-BFEB-F656F27759F1}.Release|Any CPU.Build.0 = Release|Any CPU
		{BB8662E2-6188-4C63-BFEB-F656F27759F1}.Release|x64.ActiveCfg = Release|Any CPU
		{BB8662E2-6188-4C63-BFEB-F656F27759F1}.Release|x64.Build.0 = Release|Any CPU
		{BB8662E2-6188-4C63-BFEB-F656F27759F1}.Release|x86.ActiveCfg = Release|Any CPU
		{BB8662E2-6188-4C63-BFEB-F656F27759F1}.Release|x86.Build.0 = Release|Any CPU
		{4C0C6312-6472-494A-BBB5-F13EFFB5DE4E}.Debug|Any CPU.ActiveCfg = Debug|Any CPU
		{4C0C6312-6472-494A-BBB5-F13EFFB5DE4E}.Debug|Any CPU.Build.0 = Debug|Any CPU
		{4C0C6312-6472-494A-BBB5-F13EFFB5DE4E}.Debug|x64.ActiveCfg = Debug|Any CPU
		{4C0C6312-6472-494A-BBB5-F13EFFB5DE4E}.Debug|x64.Build.0 = Debug|Any CPU
		{4C0C6312-6472-494A-BBB5-F13EFFB5DE4E}.Debug|x86.ActiveCfg = Debug|Any CPU
		{4C0C6312-6472-494A-BBB5-F13EFFB5DE4E}.Debug|x86.Build.0 = Debug|Any CPU
		{4C0C6312-6472-494A-BBB5-F13EFFB5DE4E}.Release|Any CPU.ActiveCfg = Release|Any CPU
		{4C0C6312-6472-494A-BBB5-F13EFFB5DE4E}.Release|Any CPU.Build.0 = Release|Any CPU
		{4C0C6312-6472-494A-BBB5-F13EFFB5DE4E}.Release|x64.ActiveCfg = Release|Any CPU
		{4C0C6312-6472-494A-BBB5-F13EFFB5DE4E}.Release|x64.Build.0 = Release|Any CPU
		{4C0C6312-6472-494A-BBB5-F13EFFB5DE4E}.Release|x86.ActiveCfg = Release|Any CPU
		{4C0C6312-6472-494A-BBB5-F13EFFB5DE4E}.Release|x86.Build.0 = Release|Any CPU
	EndGlobalSection
	GlobalSection(SolutionProperties) = preSolution
		HideSolutionNode = FALSE
	EndGlobalSection
	GlobalSection(NestedProjects) = preSolution
		{DBF6BA73-E50B-4207-BCF1-F65683BE9707} = {827E0CD3-B72D-47B6-A68D-7590B98EB39B}
		{49F0728E-EF94-42A1-A0A9-1D220D19091D} = {827E0CD3-B72D-47B6-A68D-7590B98EB39B}
		{8D7D9A23-F4D8-4D8A-A1CD-0626C779B64A} = {827E0CD3-B72D-47B6-A68D-7590B98EB39B}
		{B21F8C50-5E7C-4BF8-A862-4EDC804A2DF4} = {827E0CD3-B72D-47B6-A68D-7590B98EB39B}
		{AC4D5420-A68A-42EC-94AE-32FF712C2A2A} = {0AB3BF05-4346-4AA6-1389-037BE0695223}
		{CAD65581-B781-43BB-8D40-DD6C0EAB05D2} = {0AB3BF05-4346-4AA6-1389-037BE0695223}
		{BB8662E2-6188-4C63-BFEB-F656F27759F1} = {827E0CD3-B72D-47B6-A68D-7590B98EB39B}
		{4C0C6312-6472-494A-BBB5-F13EFFB5DE4E} = {0AB3BF05-4346-4AA6-1389-037BE0695223}
	EndGlobalSection
EndGlobal
